# This file is generated by running "yarn install" inside your project.
# Manual changes might be lost - proceed with caution!

__metadata:
  version: 8
  cacheKey: 10c0

"@types/node@npm:^20.12.7":
  version: 20.12.7
  resolution: "@types/node@npm:20.12.7"
  dependencies:
    undici-types: "npm:~5.26.4"
  checksum: 10c0/dce80d63a3b91892b321af823d624995c61e39c6a223cc0ac481a44d337640cc46931d33efb3beeed75f5c85c3bda1d97cef4c5cd4ec333caf5dee59cff6eca0
  languageName: node
  linkType: hard

"corepack@npm:^0.28.0":
  version: 0.28.0
  resolution: "corepack@npm:0.28.0"
  bin:
    corepack: ./dist/corepack.js
    pnpm: ./dist/pnpm.js
    pnpx: ./dist/pnpx.js
    yarn: ./dist/yarn.js
    yarnpkg: ./dist/yarnpkg.js
  checksum: 10c0/bb66aea56e7d5c672e3434e95c0157b18871f5a4e8c6434131885c8d8116d0fc02da6ed51d515e31367aca9e23f9d688c1ca66f628c6d0eddbd987ac7b4dc107
  languageName: node
  linkType: hard

"open-unipa@workspace:.":
  version: 0.0.0-use.local
  resolution: "open-unipa@workspace:."
  dependencies:
    "@types/node": "npm:^20.12.7"
    corepack: "npm:^0.28.0"
    typescript: "npm:^5.4.5"
  languageName: unknown
  linkType: soft

"typescript@npm:^5.4.5":
  version: 5.4.5
  resolution: "typescript@npm:5.4.5"
  bin:
    tsc: bin/tsc
    tsserver: bin/tsserver
  checksum: 10c0/2954022ada340fd3d6a9e2b8e534f65d57c92d5f3989a263754a78aba549f7e6529acc1921913560a4b816c46dce7df4a4d29f9f11a3dc0d4213bb76d043251e
  languageName: node
  linkType: hard

"typescript@patch:typescript@npm%3A^5.4.5#optional!builtin<compat/typescript>":
  version: 5.4.5
  resolution: "typescript@patch:typescript@npm%3A5.4.5#optional!builtin<compat/typescript>::version=5.4.5&hash=d69c25"
  bin:
    tsc: bin/tsc
    tsserver: bin/tsserver
  checksum: 10c0/9cf4c053893bcf327d101b6c024a55baf05430dc30263f9adb1bf354aeffc11306fe1f23ba2f9a0209674359f16219b5b7d229e923477b94831d07d5a33a4217
  languageName: node
  linkType: hard

"undici-types@npm:~5.26.4":
  version: 5.26.5
  resolution: "undici-types@npm:5.26.5"
  checksum: 10c0/bb673d7876c2d411b6eb6c560e0c571eef4a01c1c19925175d16e3a30c4c428181fb8d7ae802a261f283e4166a0ac435e2f505743aa9e45d893f9a3df017b501
  languageName: node
  linkType: hard
